
Microsoft Visual Studio Solution File, Format Version 12.00
# Visual Studio 15
VisualStudioVersion = 15.0.26124.0
MinimumVisualStudioVersion = 15.0.26124.0
Project("{FAE04EC0-301F-11D3-BF4B-00C04F79EFBC}") = "Services", "Services\Services.csproj", "{A665E6FA-719E-476B-A805-C53A45EE6ADB}"
EndProject
Project("{FAE04EC0-301F-11D3-BF4B-00C04F79EFBC}") = "NUnitTest", "NUnitTest\NUnitTest.csproj", "{2E05BCB5-DC55-4F09-B372-DB799C75FF2A}"
EndProject
Global
	GlobalSection(SolutionConfigurationPlatforms) = preSolution
		Debug|Any CPU = Debug|Any CPU
		Debug|x64 = Debug|x64
		Debug|x86 = Debug|x86
		Release|Any CPU = Release|Any CPU
		Release|x64 = Release|x64
		Release|x86 = Release|x86
	EndGlobalSection
	GlobalSection(SolutionProperties) = preSolution
		HideSolutionNode = FALSE
	EndGlobalSection
	GlobalSection(ProjectConfigurationPlatforms) = postSolution
		{A665E6FA-719E-476B-A805-C53A45EE6ADB}.Debug|Any CPU.ActiveCfg = Debug|Any CPU
		{A665E6FA-719E-476B-A805-C53A45EE6ADB}.Debug|Any CPU.Build.0 = Debug|Any CPU
		{A665E6FA-719E-476B-A805-C53A45EE6ADB}.Debug|x64.ActiveCfg = Debug|Any CPU
		{A665E6FA-719E-476B-A805-C53A45EE6ADB}.Debug|x64.Build.0 = Debug|Any CPU
		{A665E6FA-719E-476B-A805-C53A45EE6ADB}.Debug|x86.ActiveCfg = Debug|Any CPU
		{A665E6FA-719E-476B-A805-C53A45EE6ADB}.Debug|x86.Build.0 = Debug|Any CPU
		{A665E6FA-719E-476B-A805-C53A45EE6ADB}.Release|Any CPU.ActiveCfg = Release|Any CPU
		{A665E6FA-719E-476B-A805-C53A45EE6ADB}.Release|Any CPU.Build.0 = Release|Any CPU
		{A665E6FA-719E-476B-A805-C53A45EE6ADB}.Release|x64.ActiveCfg = Release|Any CPU
		{A665E6FA-719E-476B-A805-C53A45EE6ADB}.Release|x64.Build.0 = Release|Any CPU
		{A665E6FA-719E-476B-A805-C53A45EE6ADB}.Release|x86.ActiveCfg = Release|Any CPU
		{A665E6FA-719E-476B-A805-C53A45EE6ADB}.Release|x86.Build.0 = Release|Any CPU
		{2E05BCB5-DC55-4F09-B372-DB799C75FF2A}.Debug|Any CPU.ActiveCfg = Debug|Any CPU
		{2E05BCB5-DC55-4F09-B372-DB799C75FF2A}.Debug|Any CPU.Build.0 = Debug|Any CPU
		{2E05BCB5-DC55-4F09-B372-DB799C75FF2A}.Debug|x64.ActiveCfg = Debug|Any CPU
		{2E05BCB5-DC55-4F09-B372-DB799C75FF2A}.Debug|x64.Build.0 = Debug|Any CPU
		{2E05BCB5-DC55-4F09-B372-DB799C75FF2A}.Debug|x86.ActiveCfg = Debug|Any CPU
		{2E05BCB5-DC55-4F09-B372-DB799C75FF2A}.Debug|x86.Build.0 = Debug|Any CPU
		{2E05BCB5-DC55-4F09-B372-DB799C75FF2A}.Release|Any CPU.ActiveCfg = Release|Any CPU
		{2E05BCB5-DC55-4F09-B372-DB799C75FF2A}.Release|Any CPU.Build.0 = Release|Any CPU
		{2E05BCB5-DC55-4F09-B372-DB799C75FF2A}.Release|x64.ActiveCfg = Release|Any CPU
		{2E05BCB5-DC55-4F09-B372-DB799C75FF2A}.Release|x64.Build.0 = Release|Any CPU
		{2E05BCB5-DC55-4F09-B372-DB799C75FF2A}.Release|x86.ActiveCfg = Release|Any CPU
		{2E05BCB5-DC55-4F09-B372-DB799C75FF2A}.Release|x86.Build.0 = Release|Any CPU
	EndGlobalSection
EndGlobal
